{
  "name": "@project-trans/ftm-wiki",
  "version": "0.0.0",
  "lockfileVersion": 3,
  "requires": true,
  "packages": {
    "": {
      "name": "@project-trans/ftm-wiki",
      "version": "0.0.0",
      "dependencies": {
        "bulma": "^0.9.4"
      },
      "devDependencies": {
        "@types/web": "^0.0.72"
      }
    },
    "node_modules/@types/web": {
      "version": "0.0.72",
      "resolved": "https://registry.npmjs.org/@types/web/-/web-0.0.72.tgz",
      "integrity": "sha512-8ELWTmT6gpjH+mFCN6jja/pmXBZTOjSvfnBcxwP7xKC9tkqLNVxtQX/o2W0c1VcUR2ZFPoPSNH7YtdZQfHOvmg==",
      "dev": true
    },
    "node_modules/bulma": {
      "version": "0.9.4",
      "resolved": "https://registry.npmjs.org/bulma/-/bulma-0.9.4.tgz",
      "integrity": "sha512-86FlT5+1GrsgKbPLRRY7cGDg8fsJiP/jzTqXXVqiUZZ2aZT8uemEOHlU1CDU+TxklPEZ11HZNNWclRBBecP4CQ=="
    }
  }
}
